
Microsoft Visual Studio Solution File, Format Version 12.00
# Visual Studio 15
VisualStudioVersion = 15.0.28307.572
MinimumVisualStudioVersion = 10.0.40219.1
Project("{8BC9CEB8-8B4A-11D0-8D11-00A0C91BC942}") = "HashTest", "HashTest\HashTest.vcxproj", "{FBE1B810-CB86-4AD2-A587-7BB5CF563B3D}"
EndProject
Global
	GlobalSection(SolutionConfigurationPlatforms) = preSolution
		Debug|x64 = Debug|x64
		Debug|x86 = Debug|x86
		Release|x64 = Release|x64
		Release|x86 = Release|x86
	EndGlobalSection
	GlobalSection(ProjectConfigurationPlatforms) = postSolution
		{FBE1B810-CB86-4AD2-A587-7BB5CF563B3D}.Debug|x64.ActiveCfg = Debug|x64
		{FBE1B810-CB86-4AD2-A587-7BB5CF563B3D}.Debug|x64.Build.0 = Debug|x64
		{FBE1B810-CB86-4AD2-A587-7BB5CF563B3D}.Debug|x86.ActiveCfg = Debug|Win32
		{FBE1B810-CB86-4AD2-A587-7BB5CF563B3D}.Debug|x86.Build.0 = Debug|Win32
		{FBE1B810-CB86-4AD2-A587-7BB5CF563B3D}.Release|x64.ActiveCfg = Release|x64
		{FBE1B810-CB86-4AD2-A587-7BB5CF563B3D}.Release|x64.Build.0 = Release|x64
		{FBE1B810-CB86-4AD2-A587-7BB5CF563B3D}.Release|x86.ActiveCfg = Release|Win32
		{FBE1B810-CB86-4AD2-A587-7BB5CF563B3D}.Release|x86.Build.0 = Release|Win32
	EndGlobalSection
	GlobalSection(SolutionProperties) = preSolution
		HideSolutionNode = FALSE
	EndGlobalSection
	GlobalSection(ExtensibilityGlobals) = postSolution
		SolutionGuid = {3D0CFD0B-A072-429C-8BEB-F440FFF210B3}
	EndGlobalSection
EndGlobal
